
Microsoft Visual Studio Solution File, Format Version 12.00
# Visual Studio Version 17
VisualStudioVersion = 17.7.34024.191
MinimumVisualStudioVersion = 10.0.40219.1
Project("{FAE04EC0-301F-11D3-BF4B-00C04F79EFBC}") = "Practika", "Practika.csproj", "{F3F958DE-6A06-440F-A6D4-45D7470F06A6}"
EndProject
Global
	GlobalSection(SolutionConfigurationPlatforms) = preSolution
		Debug|Any CPU = Debug|Any CPU
		Release|Any CPU = Release|Any CPU
	EndGlobalSection
	GlobalSection(ProjectConfigurationPlatforms) = postSolution
		{F3F958DE-6A06-440F-A6D4-45D7470F06A6}.Debug|Any CPU.ActiveCfg = Debug|Any CPU
		{F3F958DE-6A06-440F-A6D4-45D7470F06A6}.Debug|Any CPU.Build.0 = Debug|Any CPU
		{F3F958DE-6A06-440F-A6D4-45D7470F06A6}.Release|Any CPU.ActiveCfg = Release|Any CPU
		{F3F958DE-6A06-440F-A6D4-45D7470F06A6}.Release|Any CPU.Build.0 = Release|Any CPU
	EndGlobalSection
	GlobalSection(SolutionProperties) = preSolution
		HideSolutionNode = FALSE
	EndGlobalSection
	GlobalSection(ExtensibilityGlobals) = postSolution
		SolutionGuid = {9D08C6D7-80E0-49C8-82CD-9FF0A3243294}
	EndGlobalSection
EndGlobal
